
Microsoft Visual Studio Solution File, Format Version 12.00
# Visual Studio 14
VisualStudioVersion = 14.0.23107.0
MinimumVisualStudioVersion = 10.0.40219.1
Project("{FAE04EC0-301F-11D3-BF4B-00C04F79EFBC}") = "Opdracht 1", "Week 5 arrays\Opdracht 1.csproj", "{1F5BFAEE-BEED-4D45-A438-3F6BF1FAAD71}"
EndProject
Project("{FAE04EC0-301F-11D3-BF4B-00C04F79EFBC}") = "Opdracht 2", "Opdracht 2\Opdracht 2.csproj", "{CD6FB880-EA5C-455D-857C-1C4D1282B795}"
EndProject
Project("{FAE04EC0-301F-11D3-BF4B-00C04F79EFBC}") = "Opdracht 3", "Opdracht 3\Opdracht 3.csproj", "{E4287810-6A5C-4DEB-80BA-2FAEA0B85FC0}"
EndProject
Project("{FAE04EC0-301F-11D3-BF4B-00C04F79EFBC}") = "Opdracht 4", "Opdracht 4\Opdracht 4.csproj", "{C9359D62-B1A0-4C61-B454-F7A0831F5045}"
EndProject
Project("{FAE04EC0-301F-11D3-BF4B-00C04F79EFBC}") = "Opdracht 6", "Opdracht 6\Opdracht 6.csproj", "{557E7C4D-1CEE-40EC-B059-F76FDC12E214}"
EndProject
Project("{FAE04EC0-301F-11D3-BF4B-00C04F79EFBC}") = "Opdracht 7", "Opdracht 7\Opdracht 7.csproj", "{1C0B9CDB-F2F3-457F-9A11-90BDF4D3BB01}"
EndProject
Global
	GlobalSection(SolutionConfigurationPlatforms) = preSolution
		Debug|Any CPU = Debug|Any CPU
		Release|Any CPU = Release|Any CPU
	EndGlobalSection
	GlobalSection(ProjectConfigurationPlatforms) = postSolution
		{1F5BFAEE-BEED-4D45-A438-3F6BF1FAAD71}.Debug|Any CPU.ActiveCfg = Debug|Any CPU
		{1F5BFAEE-BEED-4D45-A438-3F6BF1FAAD71}.Debug|Any CPU.Build.0 = Debug|Any CPU
		{1F5BFAEE-BEED-4D45-A438-3F6BF1FAAD71}.Release|Any CPU.ActiveCfg = Release|Any CPU
		{1F5BFAEE-BEED-4D45-A438-3F6BF1FAAD71}.Release|Any CPU.Build.0 = Release|Any CPU
		{CD6FB880-EA5C-455D-857C-1C4D1282B795}.Debug|Any CPU.ActiveCfg = Debug|Any CPU
		{CD6FB880-EA5C-455D-857C-1C4D1282B795}.Debug|Any CPU.Build.0 = Debug|Any CPU
		{CD6FB880-EA5C-455D-857C-1C4D1282B795}.Release|Any CPU.ActiveCfg = Release|Any CPU
		{CD6FB880-EA5C-455D-857C-1C4D1282B795}.Release|Any CPU.Build.0 = Release|Any CPU
		{E4287810-6A5C-4DEB-80BA-2FAEA0B85FC0}.Debug|Any CPU.ActiveCfg = Debug|Any CPU
		{E4287810-6A5C-4DEB-80BA-2FAEA0B85FC0}.Debug|Any CPU.Build.0 = Debug|Any CPU
		{E4287810-6A5C-4DEB-80BA-2FAEA0B85FC0}.Release|Any CPU.ActiveCfg = Release|Any CPU
		{E4287810-6A5C-4DEB-80BA-2FAEA0B85FC0}.Release|Any CPU.Build.0 = Release|Any CPU
		{C9359D62-B1A0-4C61-B454-F7A0831F5045}.Debug|Any CPU.ActiveCfg = Debug|Any CPU
		{C9359D62-B1A0-4C61-B454-F7A0831F5045}.Debug|Any CPU.Build.0 = Debug|Any CPU
		{C9359D62-B1A0-4C61-B454-F7A0831F5045}.Release|Any CPU.ActiveCfg = Release|Any CPU
		{C9359D62-B1A0-4C61-B454-F7A0831F5045}.Release|Any CPU.Build.0 = Release|Any CPU
		{557E7C4D-1CEE-40EC-B059-F76FDC12E214}.Debug|Any CPU.ActiveCfg = Debug|Any CPU
		{557E7C4D-1CEE-40EC-B059-F76FDC12E214}.Debug|Any CPU.Build.0 = Debug|Any CPU
		{557E7C4D-1CEE-40EC-B059-F76FDC12E214}.Release|Any CPU.ActiveCfg = Release|Any CPU
		{557E7C4D-1CEE-40EC-B059-F76FDC12E214}.Release|Any CPU.Build.0 = Release|Any CPU
		{1C0B9CDB-F2F3-457F-9A11-90BDF4D3BB01}.Debug|Any CPU.ActiveCfg = Debug|Any CPU
		{1C0B9CDB-F2F3-457F-9A11-90BDF4D3BB01}.Debug|Any CPU.Build.0 = Debug|Any CPU
		{1C0B9CDB-F2F3-457F-9A11-90BDF4D3BB01}.Release|Any CPU.ActiveCfg = Release|Any CPU
		{1C0B9CDB-F2F3-457F-9A11-90BDF4D3BB01}.Release|Any CPU.Build.0 = Release|Any CPU
	EndGlobalSection
	GlobalSection(SolutionProperties) = preSolution
		HideSolutionNode = FALSE
	EndGlobalSection
EndGlobal
